
Microsoft Visual Studio Solution File, Format Version 12.00
# Visual Studio 15
VisualStudioVersion = 15.0.27703.2026
MinimumVisualStudioVersion = 10.0.40219.1
Project("{FAE04EC0-301F-11D3-BF4B-00C04F79EFBC}") = "DSI_CRM_System", "DSI_CRM_System\DSI_CRM_System.csproj", "{559CF402-4D28-4228-9B91-97B95E4FADBC}"
EndProject
Global
	GlobalSection(SolutionConfigurationPlatforms) = preSolution
		Debug|Any CPU = Debug|Any CPU
		Release|Any CPU = Release|Any CPU
	EndGlobalSection
	GlobalSection(ProjectConfigurationPlatforms) = postSolution
		{559CF402-4D28-4228-9B91-97B95E4FADBC}.Debug|Any CPU.ActiveCfg = Debug|Any CPU
		{559CF402-4D28-4228-9B91-97B95E4FADBC}.Debug|Any CPU.Build.0 = Debug|Any CPU
		{559CF402-4D28-4228-9B91-97B95E4FADBC}.Release|Any CPU.ActiveCfg = Release|Any CPU
		{559CF402-4D28-4228-9B91-97B95E4FADBC}.Release|Any CPU.Build.0 = Release|Any CPU
	EndGlobalSection
	GlobalSection(SolutionProperties) = preSolution
		HideSolutionNode = FALSE
	EndGlobalSection
	GlobalSection(ExtensibilityGlobals) = postSolution
		SolutionGuid = {ADE4EED6-3F22-4F48-B92C-E1F34A0946E0}
	EndGlobalSection
EndGlobal
